// !$*UTF8*$!
{
	archiveVersion = 1;
	classes = {
	};
	objectVersion = 50;
	objects = {

/* Begin PBXBuildFile section */
		F318033A216BEDC2003B8DB1 /* AppDelegate.swift in Sources */ = {isa = PBXBuildFile; fileRef = F3180339216BEDC2003B8DB1 /* AppDelegate.swift */; };
		F318033C216BEDC2003B8DB1 /* MainView.swift in Sources */ = {isa = PBXBuildFile; fileRef = F318033B216BEDC2003B8DB1 /* MainView.swift */; };
		F318033F216BEDC2003B8DB1 /* Main.storyboard in Resources */ = {isa = PBXBuildFile; fileRef = F318033D216BEDC2003B8DB1 /* Main.storyboard */; };
		F3180341216BEDC2003B8DB1 /* Assets.xcassets in Resources */ = {isa = PBXBuildFile; fileRef = F3180340216BEDC2003B8DB1 /* Assets.xcassets */; };
		F3180344216BEDC2003B8DB1 /* LaunchScreen.storyboard in Resources */ = {isa = PBXBuildFile; fileRef = F3180342216BEDC2003B8DB1 /* LaunchScreen.storyboard */; };
		F318034C216BEDEE003B8DB1 /* NewParty.swift in Sources */ = {isa = PBXBuildFile; fileRef = F318034B216BEDEE003B8DB1 /* NewParty.swift */; };
		F318034E216BEE07003B8DB1 /* PartyDetails.swift in Sources */ = {isa = PBXBuildFile; fileRef = F318034D216BEE07003B8DB1 /* PartyDetails.swift */; };
		F3180350216BEE15003B8DB1 /* UserSettings.swift in Sources */ = {isa = PBXBuildFile; fileRef = F318034F216BEE15003B8DB1 /* UserSettings.swift */; };
/* End PBXBuildFile section */

/* Begin PBXFileReference section */
		F3180336216BEDC2003B8DB1 /* yeezy-party-app.app */ = {isa = PBXFileReference; explicitFileType = wrapper.application; includeInIndex = 0; path = "yeezy-party-app.app"; sourceTree = BUILT_PRODUCTS_DIR; };
		F3180339216BEDC2003B8DB1 /* AppDelegate.swift */ = {isa = PBXFileReference; lastKnownFileType = sourcecode.swift; path = AppDelegate.swift; sourceTree = "<group>"; };
		F318033B216BEDC2003B8DB1 /* MainView.swift */ = {isa = PBXFileReference; lastKnownFileType = sourcecode.swift; path = MainView.swift; sourceTree = "<group>"; };
		F318033E216BEDC2003B8DB1 /* Base */ = {isa = PBXFileReference; lastKnownFileType = file.storyboard; name = Base; path = Base.lproj/Main.storyboard; sourceTree = "<group>"; };
		F3180340216BEDC2003B8DB1 /* Assets.xcassets */ = {isa = PBXFileReference; lastKnownFileType = folder.assetcatalog; path = Assets.xcassets; sourceTree = "<group>"; };
		F3180343216BEDC2003B8DB1 /* Base */ = {isa = PBXFileReference; lastKnownFileType = file.storyboard; name = Base; path = Base.lproj/LaunchScreen.storyboard; sourceTree = "<group>"; };
		F3180345216BEDC2003B8DB1 /* Info.plist */ = {isa = PBXFileReference; lastKnownFileType = text.plist.xml; path = Info.plist; sourceTree = "<group>"; };
		F318034B216BEDEE003B8DB1 /* NewParty.swift */ = {isa = PBXFileReference; lastKnownFileType = sourcecode.swift; path = NewParty.swift; sourceTree = "<group>"; };
		F318034D216BEE07003B8DB1 /* PartyDetails.swift */ = {isa = PBXFileReference; lastKnownFileType = sourcecode.swift; path = PartyDetails.swift; sourceTree = "<group>"; };
		F318034F216BEE15003B8DB1 /* UserSettings.swift */ = {isa = PBXFileReference; lastKnownFileType = sourcecode.swift; path = UserSettings.swift; sourceTree = "<group>"; };
/* End PBXFileReference section */

/* Begin PBXFrameworksBuildPhase section */
		F3180333216BEDC2003B8DB1 /* Frameworks */ = {
			isa = PBXFrameworksBuildPhase;
			buildActionMask = 2147483647;
			files = (
			);
			runOnlyForDeploymentPostprocessing = 0;
		};
/* End PBXFrameworksBuildPhase section */

/* Begin PBXGroup section */
		F318032D216BEDC2003B8DB1 = {
			isa = PBXGroup;
			children = (
				F3180338216BEDC2003B8DB1 /* yeezy-party-app */,
				F3180337216BEDC2003B8DB1 /* Products */,
			);
			sourceTree = "<group>";
		};
		F3180337216BEDC2003B8DB1 /* Products */ = {
			isa = PBXGroup;
			children = (
				F3180336216BEDC2003B8DB1 /* yeezy-party-app.app */,
			);
			name = Products;
			sourceTree = "<group>";
		};
		F3180338216BEDC2003B8DB1 /* yeezy-party-app */ = {
			isa = PBXGroup;
			children = (
				F3180339216BEDC2003B8DB1 /* AppDelegate.swift */,
				F318033B216BEDC2003B8DB1 /* MainView.swift */,
				F318034B216BEDEE003B8DB1 /* NewParty.swift */,
				F318034D216BEE07003B8DB1 /* PartyDetails.swift */,
				F318034F216BEE15003B8DB1 /* UserSettings.swift */,
				F318033D216BEDC2003B8DB1 /* Main.storyboard */,
				F3180340216BEDC2003B8DB1 /* Assets.xcassets */,
				F3180342216BEDC2003B8DB1 /* LaunchScreen.storyboard */,
				F3180345216BEDC2003B8DB1 /* Info.plist */,
			);
			path = "yeezy-party-app";
			sourceTree = "<group>";
		};
/* End PBXGroup section */

/* Begin PBXNativeTarget section */
		F3180335216BEDC2003B8DB1 /* yeezy-party-app */ = {
			isa = PBXNativeTarget;
			buildConfigurationList = F3180348216BEDC2003B8DB1 /* Build configuration list for PBXNativeTarget "yeezy-party-app" */;
			buildPhases = (
				F3180332216BEDC2003B8DB1 /* Sources */,
				F3180333216BEDC2003B8DB1 /* Frameworks */,
				F3180334216BEDC2003B8DB1 /* Resources */,
			);
			buildRules = (
			);
			dependencies = (
			);
			name = "yeezy-party-app";
			productName = "yeezy-party-app";
			productReference = F3180336216BEDC2003B8DB1 /* yeezy-party-app.app */;
			productType = "com.apple.product-type.application";
		};
/* End PBXNativeTarget section */

/* Begin PBXProject section */
		F318032E216BEDC2003B8DB1 /* Project object */ = {
			isa = PBXProject;
			attributes = {
				LastSwiftUpdateCheck = 0940;
				LastUpgradeCheck = 0940;
				ORGANIZATIONNAME = yeezyparty;
				TargetAttributes = {
					F3180335216BEDC2003B8DB1 = {
						CreatedOnToolsVersion = 9.4.1;
					};
				};
			};
			buildConfigurationList = F3180331216BEDC2003B8DB1 /* Build configuration list for PBXProject "yeezy-party-app" */;
			compatibilityVersion = "Xcode 9.3";
			developmentRegion = en;
			hasScannedForEncodings = 0;
			knownRegions = (
				en,
				Base,
			);
			mainGroup = F318032D216BEDC2003B8DB1;
			productRefGroup = F3180337216BEDC2003B8DB1 /* Products */;
			projectDirPath = "";
			projectRoot = "";
			targets = (
				F3180335216BEDC2003B8DB1 /* yeezy-party-app */,
			);
		};
/* End PBXProject section */

/* Begin PBXResourcesBuildPhase section */
		F3180334216BEDC2003B8DB1 /* Resources */ = {
			isa = PBXResourcesBuildPhase;
			buildActionMask = 2147483647;
			files = (
				F3180344216BEDC2003B8DB1 /* LaunchScreen.storyboard in Resources */,
				F3180341216BEDC2003B8DB1 /* Assets.xcassets in Resources */,
				F318033F216BEDC2003B8DB1 /* Main.storyboard in Resources */,
			);
			runOnlyForDeploymentPostprocessing = 0;
		};
/* End PBXResourcesBuildPhase section */

/* Begin PBXSourcesBuildPhase section */
		F3180332216BEDC2003B8DB1 /* Sources */ = {
			isa = PBXSourcesBuildPhase;
			buildActionMask = 2147483647;
			files = (
				F318034C216BEDEE003B8DB1 /* NewParty.swift in Sources */,
				F318033C216BEDC2003B8DB1 /* MainView.swift in Sources */,
				F318033A216BEDC2003B8DB1 /* AppDelegate.swift in Sources */,
				F3180350216BEE15003B8DB1 /* UserSettings.swift in Sources */,
				F318034E216BEE07003B8DB1 /* PartyDetails.swift in Sources */,
			);
			runOnlyForDeploymentPostprocessing = 0;
		};
/* End PBXSourcesBuildPhase section */

/* Begin PBXVariantGroup section */
		F318033D216BEDC2003B8DB1 /* Main.storyboard */ = {
			isa = PBXVariantGroup;
			children = (
				F318033E216BEDC2003B8DB1 /* Base */,
			);
			name = Main.storyboard;
			sourceTree = "<group>";
		};
		F3180342216BEDC2003B8DB1 /* LaunchScreen.storyboard */ = {
			isa = PBXVariantGroup;
			children = (
				F3180343216BEDC2003B8DB1 /* Base */,
			);
			name = LaunchScreen.storyboard;
			sourceTree = "<group>";
		};
/* End PBXVariantGroup section */

/* Begin XCBuildConfiguration section */
		F3180346216BEDC2003B8DB1 /* Debug */ = {
			isa = XCBuildConfiguration;
			buildSettings = {
				ALWAYS_SEARCH_USER_PATHS = NO;
				CLANG_ANALYZER_NONNULL = YES;
				CLANG_ANALYZER_NUMBER_OBJECT_CONVERSION = YES_AGGRESSIVE;
				CLANG_CXX_LANGUAGE_STANDARD = "gnu++14";
				CLANG_CXX_LIBRARY = "libc++";
				CLANG_ENABLE_MODULES = YES;
				CLANG_ENABLE_OBJC_ARC = YES;
				CLANG_ENABLE_OBJC_WEAK = YES;
				CLANG_WARN_BLOCK_CAPTURE_AUTORELEASING = YES;
				CLANG_WARN_BOOL_CONVERSION = YES;
				CLANG_WARN_COMMA = YES;
				CLANG_WARN_CONSTANT_CONVERSION = YES;
				CLANG_WARN_DEPRECATED_OBJC_IMPLEMENTATIONS = YES;
				CLANG_WARN_DIRECT_OBJC_ISA_USAGE = YES_ERROR;
				CLANG_WARN_DOCUMENTATION_COMMENTS = YES;
				CLANG_WARN_EMPTY_BODY = YES;
				CLANG_WARN_ENUM_CONVERSION = YES;
				CLANG_WARN_INFINITE_RECURSION = YES;
				CLANG_WARN_INT_CONVERSION = YES;
				CLANG_WARN_NON_LITERAL_NULL_CONVERSION = YES;
				CLANG_WARN_OBJC_IMPLICIT_RETAIN_SELF = YES;
				CLANG_WARN_OBJC_LITERAL_CONVERSION = YES;
				CLANG_WARN_OBJC_ROOT_CLASS = YES_ERROR;
				CLANG_WARN_RANGE_LOOP_ANALYSIS = YES;
				CLANG_WARN_STRICT_PROTOTYPES = YES;
				CLANG_WARN_SUSPICIOUS_MOVE = YES;
				CLANG_WARN_UNGUARDED_AVAILABILITY = YES_AGGRESSIVE;
				CLANG_WARN_UNREACHABLE_CODE = YES;
				CLANG_WARN__DUPLICATE_METHOD_MATCH = YES;
				CODE_SIGN_IDENTITY = "iPhone Developer";
				COPY_PHASE_STRIP = NO;
				DEBUG_INFORMATION_FORMAT = dwarf;
				ENABLE_STRICT_OBJC_MSGSEND = YES;
				ENABLE_TESTABILITY = YES;
				GCC_C_LANGUAGE_STANDARD = gnu11;
				GCC_DYNAMIC_NO_PIC = NO;
				GCC_NO_COMMON_BLOCKS = YES;
				GCC_OPTIMIZATION_LEVEL = 0;
				GCC_PREPROCESSOR_DEFINITIONS = (
					"DEBUG=1",
					"$(inherited)",
				);
				GCC_WARN_64_TO_32_BIT_CONVERSION = YES;
				GCC_WARN_ABOUT_RETURN_TYPE = YES_ERROR;
				GCC_WARN_UNDECLARED_SELECTOR = YES;
				GCC_WARN_UNINITIALIZED_AUTOS = YES_AGGRESSIVE;
				GCC_WARN_UNUSED_FUNCTION = YES;
				GCC_WARN_UNUSED_VARIABLE = YES;
				IPHONEOS_DEPLOYMENT_TARGET = 11.4;
				MTL_ENABLE_DEBUG_INFO = YES;
				ONLY_ACTIVE_ARCH = YES;
				SDKROOT = iphoneos;
				SWIFT_ACTIVE_COMPILATION_CONDITIONS = DEBUG;
				SWIFT_OPTIMIZATION_LEVEL = "-Onone";
			};
			name = Debug;
		};
		F3180347216BEDC2003B8DB1 /* Release */ = {
			isa = XCBuildConfiguration;
			buildSettings = {
				ALWAYS_SEARCH_USER_PATHS = NO;
				CLANG_ANALYZER_NONNULL = YES;
				CLANG_ANALYZER_NUMBER_OBJECT_CONVERSION = YES_AGGRESSIVE;
				CLANG_CXX_LANGUAGE_STANDARD = "gnu++14";
				CLANG_CXX_LIBRARY = "libc++";
				CLANG_ENABLE_MODULES = YES;
				CLANG_ENABLE_OBJC_ARC = YES;
				CLANG_ENABLE_OBJC_WEAK = YES;
				CLANG_WARN_BLOCK_CAPTURE_AUTORELEASING = YES;
				CLANG_WARN_BOOL_CONVERSION = YES;
				CLANG_WARN_COMMA = YES;
				CLANG_WARN_CONSTANT_CONVERSION = YES;
				CLANG_WARN_DEPRECATED_OBJC_IMPLEMENTATIONS = YES;
				CLANG_WARN_DIRECT_OBJC_ISA_USAGE = YES_ERROR;
				CLANG_WARN_DOCUMENTATION_COMMENTS = YES;
				CLANG_WARN_EMPTY_BODY = YES;
				CLANG_WARN_ENUM_CONVERSION = YES;
				CLANG_WARN_INFINITE_RECURSION = YES;
				CLANG_WARN_INT_CONVERSION = YES;
				CLANG_WARN_NON_LITERAL_NULL_CONVERSION = YES;
				CLANG_WARN_OBJC_IMPLICIT_RETAIN_SELF = YES;
				CLANG_WARN_OBJC_LITERAL_CONVERSION = YES;
				CLANG_WARN_OBJC_ROOT_CLASS = YES_ERROR;
				CLANG_WARN_RANGE_LOOP_ANALYSIS = YES;
				CLANG_WARN_STRICT_PROTOTYPES = YES;
				CLANG_WARN_SUSPICIOUS_MOVE = YES;
				CLANG_WARN_UNGUARDED_AVAILABILITY = YES_AGGRESSIVE;
				CLANG_WARN_UNREACHABLE_CODE = YES;
				CLANG_WARN__DUPLICATE_METHOD_MATCH = YES;
				CODE_SIGN_IDENTITY = "iPhone Developer";
				COPY_PHASE_STRIP = NO;
				DEBUG_INFORMATION_FORMAT = "dwarf-with-dsym";
				ENABLE_NS_ASSERTIONS = NO;
				ENABLE_STRICT_OBJC_MSGSEND = YES;
				GCC_C_LANGUAGE_STANDARD = gnu11;
				GCC_NO_COMMON_BLOCKS = YES;
				GCC_WARN_64_TO_32_BIT_CONVERSION = YES;
				GCC_WARN_ABOUT_RETURN_TYPE = YES_ERROR;
				GCC_WARN_UNDECLARED_SELECTOR = YES;
				GCC_WARN_UNINITIALIZED_AUTOS = YES_AGGRESSIVE;
				GCC_WARN_UNUSED_FUNCTION = YES;
				GCC_WARN_UNUSED_VARIABLE = YES;
				IPHONEOS_DEPLOYMENT_TARGET = 11.4;
				MTL_ENABLE_DEBUG_INFO = NO;
				SDKROOT = iphoneos;
				SWIFT_COMPILATION_MODE = wholemodule;
				SWIFT_OPTIMIZATION_LEVEL = "-O";
				VALIDATE_PRODUCT = YES;
			};
			name = Release;
		};
		F3180349216BEDC2003B8DB1 /* Debug */ = {
			isa = XCBuildConfiguration;
			buildSettings = {
				ASSETCATALOG_COMPILER_APPICON_NAME = AppIcon;
				CODE_SIGN_STYLE = Automatic;
				INFOPLIST_FILE = "yeezy-party-app/Info.plist";
				LD_RUNPATH_SEARCH_PATHS = (
					"$(inherited)",
					"@executable_path/Frameworks",
				);
				PRODUCT_BUNDLE_IDENTIFIER = "com.yeezyparty.yeezy-party-app";
				PRODUCT_NAME = "$(TARGET_NAME)";
				SWIFT_VERSION = 4.0;
				TARGETED_DEVICE_FAMILY = "1,2";
			};
			name = Debug;
		};
		F318034A216BEDC2003B8DB1 /* Release */ = {
			isa = XCBuildConfiguration;
			buildSettings = {
				ASSETCATALOG_COMPILER_APPICON_NAME = AppIcon;
				CODE_SIGN_STYLE = Automatic;
				INFOPLIST_FILE = "yeezy-party-app/Info.plist";
				LD_RUNPATH_SEARCH_PATHS = (
					"$(inherited)",
					"@executable_path/Frameworks",
				);
				PRODUCT_BUNDLE_IDENTIFIER = "com.yeezyparty.yeezy-party-app";
				PRODUCT_NAME = "$(TARGET_NAME)";
				SWIFT_VERSION = 4.0;
				TARGETED_DEVICE_FAMILY = "1,2";
			};
			name = Release;
		};
/* End XCBuildConfiguration section */

/* Begin XCConfigurationList section */
		F3180331216BEDC2003B8DB1 /* Build configuration list for PBXProject "yeezy-party-app" */ = {
			isa = XCConfigurationList;
			buildConfigurations = (
				F3180346216BEDC2003B8DB1 /* Debug */,
				F3180347216BEDC2003B8DB1 /* Release */,
			);
			defaultConfigurationIsVisible = 0;
			defaultConfigurationName = Release;
		};
		F3180348216BEDC2003B8DB1 /* Build configuration list for PBXNativeTarget "yeezy-party-app" */ = {
			isa = XCConfigurationList;
			buildConfigurations = (
				F3180349216BEDC2003B8DB1 /* Debug */,
				F318034A216BEDC2003B8DB1 /* Release */,
			);
			defaultConfigurationIsVisible = 0;
			defaultConfigurationName = Release;
		};
/* End XCConfigurationList section */
	};
	rootObject = F318032E216BEDC2003B8DB1 /* Project object */;
}
